
Microsoft Visual Studio Solution File, Format Version 12.00
# Visual Studio 15
VisualStudioVersion = 15.0.28010.2046
MinimumVisualStudioVersion = 10.0.40219.1
Project("{FAE04EC0-301F-11D3-BF4B-00C04F79EFBC}") = "CellShapeCutter", "CellShapeCutter\CellShapeCutter.csproj", "{33908990-87E0-45B0-92A1-0F81798CBAF1}"
EndProject
Global
	GlobalSection(SolutionConfigurationPlatforms) = preSolution
		Debug|Any CPU = Debug|Any CPU
		Release|Any CPU = Release|Any CPU
	EndGlobalSection
	GlobalSection(ProjectConfigurationPlatforms) = postSolution
		{33908990-87E0-45B0-92A1-0F81798CBAF1}.Debug|Any CPU.ActiveCfg = Debug|Any CPU
		{33908990-87E0-45B0-92A1-0F81798CBAF1}.Debug|Any CPU.Build.0 = Debug|Any CPU
		{33908990-87E0-45B0-92A1-0F81798CBAF1}.Release|Any CPU.ActiveCfg = Release|Any CPU
		{33908990-87E0-45B0-92A1-0F81798CBAF1}.Release|Any CPU.Build.0 = Release|Any CPU
	EndGlobalSection
	GlobalSection(SolutionProperties) = preSolution
		HideSolutionNode = FALSE
	EndGlobalSection
	GlobalSection(ExtensibilityGlobals) = postSolution
		SolutionGuid = {B08B60C7-786A-465A-B8D0-C46218208FD8}
	EndGlobalSection
EndGlobal
